
Microsoft Visual Studio Solution File, Format Version 12.00
# Visual Studio 2012
Project("{FAE04EC0-301F-11D3-BF4B-00C04F79EFBC}") = "ControllerDemo", "ControllerDemo\ControllerDemo.csproj", "{6241F55D-1465-4636-B02A-E09D296ACE0D}"
EndProject
Global
	GlobalSection(SolutionConfigurationPlatforms) = preSolution
		Debug|Any CPU = Debug|Any CPU
		Release|Any CPU = Release|Any CPU
	EndGlobalSection
	GlobalSection(ProjectConfigurationPlatforms) = postSolution
		{6241F55D-1465-4636-B02A-E09D296ACE0D}.Debug|Any CPU.ActiveCfg = Debug|Any CPU
		{6241F55D-1465-4636-B02A-E09D296ACE0D}.Debug|Any CPU.Build.0 = Debug|Any CPU
		{6241F55D-1465-4636-B02A-E09D296ACE0D}.Release|Any CPU.ActiveCfg = Release|Any CPU
		{6241F55D-1465-4636-B02A-E09D296ACE0D}.Release|Any CPU.Build.0 = Release|Any CPU
	EndGlobalSection
	GlobalSection(SolutionProperties) = preSolution
		HideSolutionNode = FALSE
	EndGlobalSection
EndGlobal
