
Microsoft Visual Studio Solution File, Format Version 12.00
# Visual Studio Version 17
VisualStudioVersion = 17.7.34221.43
MinimumVisualStudioVersion = 10.0.40219.1
Project("{FAE04EC0-301F-11D3-BF4B-00C04F79EFBC}") = "ManapuramChitManagement", "ManapuramChitManagement\ManapuramChitManagement.csproj", "{0123BF97-9351-4022-81A4-6B341BA25621}"
EndProject
Global
	GlobalSection(SolutionConfigurationPlatforms) = preSolution
		Debug|Any CPU = Debug|Any CPU
		Release|Any CPU = Release|Any CPU
	EndGlobalSection
	GlobalSection(ProjectConfigurationPlatforms) = postSolution
		{0123BF97-9351-4022-81A4-6B341BA25621}.Debug|Any CPU.ActiveCfg = Debug|Any CPU
		{0123BF97-9351-4022-81A4-6B341BA25621}.Debug|Any CPU.Build.0 = Debug|Any CPU
		{0123BF97-9351-4022-81A4-6B341BA25621}.Release|Any CPU.ActiveCfg = Release|Any CPU
		{0123BF97-9351-4022-81A4-6B341BA25621}.Release|Any CPU.Build.0 = Release|Any CPU
	EndGlobalSection
	GlobalSection(SolutionProperties) = preSolution
		HideSolutionNode = FALSE
	EndGlobalSection
	GlobalSection(ExtensibilityGlobals) = postSolution
		SolutionGuid = {0A4A6E96-C721-4E3F-8080-C2E56A6014CB}
	EndGlobalSection
EndGlobal
